// !$*UTF8*$!
{
	archiveVersion = 1;
	classes = {
	};
	objectVersion = 51;
	objects = {

/* Begin PBXBuildFile section */
		10D82A127CDBD53519B469B6 /* Pods_iPartnerTest.framework in Frameworks */ = {isa = PBXBuildFile; fileRef = E1D395783A52D95376BCCD78 /* Pods_iPartnerTest.framework */; };
		3233614D2338F7AC00FBD998 /* AppDelegate.swift in Sources */ = {isa = PBXBuildFile; fileRef = 3233614C2338F7AC00FBD998 /* AppDelegate.swift */; };
		323361522338F7AC00FBD998 /* Main.storyboard in Resources */ = {isa = PBXBuildFile; fileRef = 323361502338F7AC00FBD998 /* Main.storyboard */; };
		323361542338F7AD00FBD998 /* Assets.xcassets in Resources */ = {isa = PBXBuildFile; fileRef = 323361532338F7AD00FBD998 /* Assets.xcassets */; };
		323361572338F7AD00FBD998 /* LaunchScreen.storyboard in Resources */ = {isa = PBXBuildFile; fileRef = 323361552338F7AD00FBD998 /* LaunchScreen.storyboard */; };
		323361612338F86400FBD998 /* BasicService.swift in Sources */ = {isa = PBXBuildFile; fileRef = 323361602338F86400FBD998 /* BasicService.swift */; };
		323361652338F94000FBD998 /* Reachabelity.swift in Sources */ = {isa = PBXBuildFile; fileRef = 323361642338F94000FBD998 /* Reachabelity.swift */; };
		323361682338FBA100FBD998 /* SessionService.swift in Sources */ = {isa = PBXBuildFile; fileRef = 323361672338FBA100FBD998 /* SessionService.swift */; };
		3233616C2338FE0C00FBD998 /* NotesListViewController.swift in Sources */ = {isa = PBXBuildFile; fileRef = 3233616B2338FE0C00FBD998 /* NotesListViewController.swift */; };
		3233616F233902A900FBD998 /* EntriesService.swift in Sources */ = {isa = PBXBuildFile; fileRef = 3233616E233902A900FBD998 /* EntriesService.swift */; };
		323361722339060100FBD998 /* Entry.swift in Sources */ = {isa = PBXBuildFile; fileRef = 323361712339060100FBD998 /* Entry.swift */; };
/* End PBXBuildFile section */

/* Begin PBXFileReference section */
		323361492338F7AC00FBD998 /* iPartnerTest.app */ = {isa = PBXFileReference; explicitFileType = wrapper.application; includeInIndex = 0; path = iPartnerTest.app; sourceTree = BUILT_PRODUCTS_DIR; };
		3233614C2338F7AC00FBD998 /* AppDelegate.swift */ = {isa = PBXFileReference; lastKnownFileType = sourcecode.swift; path = AppDelegate.swift; sourceTree = "<group>"; };
		323361512338F7AC00FBD998 /* Base */ = {isa = PBXFileReference; lastKnownFileType = file.storyboard; name = Base; path = Base.lproj/Main.storyboard; sourceTree = "<group>"; };
		323361532338F7AD00FBD998 /* Assets.xcassets */ = {isa = PBXFileReference; lastKnownFileType = folder.assetcatalog; path = Assets.xcassets; sourceTree = "<group>"; };
		323361562338F7AD00FBD998 /* Base */ = {isa = PBXFileReference; lastKnownFileType = file.storyboard; name = Base; path = Base.lproj/LaunchScreen.storyboard; sourceTree = "<group>"; };
		323361582338F7AD00FBD998 /* Info.plist */ = {isa = PBXFileReference; lastKnownFileType = text.plist.xml; path = Info.plist; sourceTree = "<group>"; };
		323361602338F86400FBD998 /* BasicService.swift */ = {isa = PBXFileReference; lastKnownFileType = sourcecode.swift; path = BasicService.swift; sourceTree = "<group>"; };
		323361642338F94000FBD998 /* Reachabelity.swift */ = {isa = PBXFileReference; lastKnownFileType = sourcecode.swift; path = Reachabelity.swift; sourceTree = "<group>"; };
		323361672338FBA100FBD998 /* SessionService.swift */ = {isa = PBXFileReference; lastKnownFileType = sourcecode.swift; path = SessionService.swift; sourceTree = "<group>"; };
		3233616B2338FE0C00FBD998 /* NotesListViewController.swift */ = {isa = PBXFileReference; lastKnownFileType = sourcecode.swift; path = NotesListViewController.swift; sourceTree = "<group>"; };
		3233616E233902A900FBD998 /* EntriesService.swift */ = {isa = PBXFileReference; lastKnownFileType = sourcecode.swift; path = EntriesService.swift; sourceTree = "<group>"; };
		323361712339060100FBD998 /* Entry.swift */ = {isa = PBXFileReference; lastKnownFileType = sourcecode.swift; path = Entry.swift; sourceTree = "<group>"; };
		4B65A7A8B4B6DBC0231FD147 /* Pods-iPartnerTest.debug.xcconfig */ = {isa = PBXFileReference; includeInIndex = 1; lastKnownFileType = text.xcconfig; name = "Pods-iPartnerTest.debug.xcconfig"; path = "Target Support Files/Pods-iPartnerTest/Pods-iPartnerTest.debug.xcconfig"; sourceTree = "<group>"; };
		5C6C4FB6123D1AE59324021D /* Pods-iPartnerTest.release.xcconfig */ = {isa = PBXFileReference; includeInIndex = 1; lastKnownFileType = text.xcconfig; name = "Pods-iPartnerTest.release.xcconfig"; path = "Target Support Files/Pods-iPartnerTest/Pods-iPartnerTest.release.xcconfig"; sourceTree = "<group>"; };
		E1D395783A52D95376BCCD78 /* Pods_iPartnerTest.framework */ = {isa = PBXFileReference; explicitFileType = wrapper.framework; includeInIndex = 0; path = Pods_iPartnerTest.framework; sourceTree = BUILT_PRODUCTS_DIR; };
/* End PBXFileReference section */

/* Begin PBXFrameworksBuildPhase section */
		323361462338F7AC00FBD998 /* Frameworks */ = {
			isa = PBXFrameworksBuildPhase;
			buildActionMask = 2147483647;
			files = (
				10D82A127CDBD53519B469B6 /* Pods_iPartnerTest.framework in Frameworks */,
			);
			runOnlyForDeploymentPostprocessing = 0;
		};
/* End PBXFrameworksBuildPhase section */

/* Begin PBXGroup section */
		323361402338F7AC00FBD998 = {
			isa = PBXGroup;
			children = (
				3233614B2338F7AC00FBD998 /* iPartnerTest */,
				3233614A2338F7AC00FBD998 /* Products */,
				EE915BD61DE9BFA9C9D3AE4B /* Pods */,
				E9182EF11D2C6D18147BA99B /* Frameworks */,
			);
			sourceTree = "<group>";
		};
		3233614A2338F7AC00FBD998 /* Products */ = {
			isa = PBXGroup;
			children = (
				323361492338F7AC00FBD998 /* iPartnerTest.app */,
			);
			name = Products;
			sourceTree = "<group>";
		};
		3233614B2338F7AC00FBD998 /* iPartnerTest */ = {
			isa = PBXGroup;
			children = (
				3233614C2338F7AC00FBD998 /* AppDelegate.swift */,
				323361632338F93800FBD998 /* Helpers */,
				3233615E2338F85300FBD998 /* Services */,
				323361692338FDED00FBD998 /* Scenes */,
				323361502338F7AC00FBD998 /* Main.storyboard */,
				323361532338F7AD00FBD998 /* Assets.xcassets */,
				323361552338F7AD00FBD998 /* LaunchScreen.storyboard */,
				323361582338F7AD00FBD998 /* Info.plist */,
			);
			path = iPartnerTest;
			sourceTree = "<group>";
		};
		3233615E2338F85300FBD998 /* Services */ = {
			isa = PBXGroup;
			children = (
				3233615F2338F85B00FBD998 /* Network */,
			);
			path = Services;
			sourceTree = "<group>";
		};
		3233615F2338F85B00FBD998 /* Network */ = {
			isa = PBXGroup;
			children = (
				323361602338F86400FBD998 /* BasicService.swift */,
				3233616D2339029900FBD998 /* Entires Service */,
				323361662338FB9200FBD998 /* SessionService */,
			);
			path = Network;
			sourceTree = "<group>";
		};
		323361632338F93800FBD998 /* Helpers */ = {
			isa = PBXGroup;
			children = (
				323361642338F94000FBD998 /* Reachabelity.swift */,
			);
			path = Helpers;
			sourceTree = "<group>";
		};
		323361662338FB9200FBD998 /* SessionService */ = {
			isa = PBXGroup;
			children = (
				323361672338FBA100FBD998 /* SessionService.swift */,
			);
			path = SessionService;
			sourceTree = "<group>";
		};
		323361692338FDED00FBD998 /* Scenes */ = {
			isa = PBXGroup;
			children = (
				3233616A2338FDF900FBD998 /* Entries */,
			);
			path = Scenes;
			sourceTree = "<group>";
		};
		3233616A2338FDF900FBD998 /* Entries */ = {
			isa = PBXGroup;
			children = (
				32336170233905EB00FBD998 /* Model */,
				3233616B2338FE0C00FBD998 /* NotesListViewController.swift */,
			);
			path = Entries;
			sourceTree = "<group>";
		};
		3233616D2339029900FBD998 /* Entires Service */ = {
			isa = PBXGroup;
			children = (
				3233616E233902A900FBD998 /* EntriesService.swift */,
			);
			path = "Entires Service";
			sourceTree = "<group>";
		};
		32336170233905EB00FBD998 /* Model */ = {
			isa = PBXGroup;
			children = (
				323361712339060100FBD998 /* Entry.swift */,
			);
			path = Model;
			sourceTree = "<group>";
		};
		E9182EF11D2C6D18147BA99B /* Frameworks */ = {
			isa = PBXGroup;
			children = (
				E1D395783A52D95376BCCD78 /* Pods_iPartnerTest.framework */,
			);
			name = Frameworks;
			sourceTree = "<group>";
		};
		EE915BD61DE9BFA9C9D3AE4B /* Pods */ = {
			isa = PBXGroup;
			children = (
				4B65A7A8B4B6DBC0231FD147 /* Pods-iPartnerTest.debug.xcconfig */,
				5C6C4FB6123D1AE59324021D /* Pods-iPartnerTest.release.xcconfig */,
			);
			path = Pods;
			sourceTree = "<group>";
		};
/* End PBXGroup section */

/* Begin PBXNativeTarget section */
		323361482338F7AC00FBD998 /* iPartnerTest */ = {
			isa = PBXNativeTarget;
			buildConfigurationList = 3233615B2338F7AD00FBD998 /* Build configuration list for PBXNativeTarget "iPartnerTest" */;
			buildPhases = (
				A28AE8533E1CF5F411A0C420 /* [CP] Check Pods Manifest.lock */,
				323361452338F7AC00FBD998 /* Sources */,
				323361462338F7AC00FBD998 /* Frameworks */,
				323361472338F7AC00FBD998 /* Resources */,
				BC5C0B118B7882539ABD5C83 /* [CP] Embed Pods Frameworks */,
			);
			buildRules = (
			);
			dependencies = (
			);
			name = iPartnerTest;
			productName = iPartnerTest;
			productReference = 323361492338F7AC00FBD998 /* iPartnerTest.app */;
			productType = "com.apple.product-type.application";
		};
/* End PBXNativeTarget section */

/* Begin PBXProject section */
		323361412338F7AC00FBD998 /* Project object */ = {
			isa = PBXProject;
			attributes = {
				LastSwiftUpdateCheck = 1010;
				LastUpgradeCheck = 1010;
				ORGANIZATIONNAME = "Kazim Gajiev";
				TargetAttributes = {
					323361482338F7AC00FBD998 = {
						CreatedOnToolsVersion = 10.1;
					};
				};
			};
			buildConfigurationList = 323361442338F7AC00FBD998 /* Build configuration list for PBXProject "iPartnerTest" */;
			compatibilityVersion = "Xcode 9.3";
			developmentRegion = en;
			hasScannedForEncodings = 0;
			knownRegions = (
				en,
				Base,
			);
			mainGroup = 323361402338F7AC00FBD998;
			productRefGroup = 3233614A2338F7AC00FBD998 /* Products */;
			projectDirPath = "";
			projectRoot = "";
			targets = (
				323361482338F7AC00FBD998 /* iPartnerTest */,
			);
		};
/* End PBXProject section */

/* Begin PBXResourcesBuildPhase section */
		323361472338F7AC00FBD998 /* Resources */ = {
			isa = PBXResourcesBuildPhase;
			buildActionMask = 2147483647;
			files = (
				323361572338F7AD00FBD998 /* LaunchScreen.storyboard in Resources */,
				323361542338F7AD00FBD998 /* Assets.xcassets in Resources */,
				323361522338F7AC00FBD998 /* Main.storyboard in Resources */,
			);
			runOnlyForDeploymentPostprocessing = 0;
		};
/* End PBXResourcesBuildPhase section */

/* Begin PBXShellScriptBuildPhase section */
		A28AE8533E1CF5F411A0C420 /* [CP] Check Pods Manifest.lock */ = {
			isa = PBXShellScriptBuildPhase;
			buildActionMask = 2147483647;
			files = (
			);
			inputFileListPaths = (
			);
			inputPaths = (
				"${PODS_PODFILE_DIR_PATH}/Podfile.lock",
				"${PODS_ROOT}/Manifest.lock",
			);
			name = "[CP] Check Pods Manifest.lock";
			outputFileListPaths = (
			);
			outputPaths = (
				"$(DERIVED_FILE_DIR)/Pods-iPartnerTest-checkManifestLockResult.txt",
			);
			runOnlyForDeploymentPostprocessing = 0;
			shellPath = /bin/sh;
			shellScript = "diff \"${PODS_PODFILE_DIR_PATH}/Podfile.lock\" \"${PODS_ROOT}/Manifest.lock\" > /dev/null\nif [ $? != 0 ] ; then\n    # print error to STDERR\n    echo \"error: The sandbox is not in sync with the Podfile.lock. Run 'pod install' or update your CocoaPods installation.\" >&2\n    exit 1\nfi\n# This output is used by Xcode 'outputs' to avoid re-running this script phase.\necho \"SUCCESS\" > \"${SCRIPT_OUTPUT_FILE_0}\"\n";
			showEnvVarsInLog = 0;
		};
		BC5C0B118B7882539ABD5C83 /* [CP] Embed Pods Frameworks */ = {
			isa = PBXShellScriptBuildPhase;
			buildActionMask = 2147483647;
			files = (
			);
			inputFileListPaths = (
				"${PODS_ROOT}/Target Support Files/Pods-iPartnerTest/Pods-iPartnerTest-frameworks-${CONFIGURATION}-input-files.xcfilelist",
			);
			name = "[CP] Embed Pods Frameworks";
			outputFileListPaths = (
				"${PODS_ROOT}/Target Support Files/Pods-iPartnerTest/Pods-iPartnerTest-frameworks-${CONFIGURATION}-output-files.xcfilelist",
			);
			runOnlyForDeploymentPostprocessing = 0;
			shellPath = /bin/sh;
			shellScript = "\"${PODS_ROOT}/Target Support Files/Pods-iPartnerTest/Pods-iPartnerTest-frameworks.sh\"\n";
			showEnvVarsInLog = 0;
		};
/* End PBXShellScriptBuildPhase section */

/* Begin PBXSourcesBuildPhase section */
		323361452338F7AC00FBD998 /* Sources */ = {
			isa = PBXSourcesBuildPhase;
			buildActionMask = 2147483647;
			files = (
				323361722339060100FBD998 /* Entry.swift in Sources */,
				3233616F233902A900FBD998 /* EntriesService.swift in Sources */,
				323361682338FBA100FBD998 /* SessionService.swift in Sources */,
				323361612338F86400FBD998 /* BasicService.swift in Sources */,
				3233616C2338FE0C00FBD998 /* NotesListViewController.swift in Sources */,
				323361652338F94000FBD998 /* Reachabelity.swift in Sources */,
				3233614D2338F7AC00FBD998 /* AppDelegate.swift in Sources */,
			);
			runOnlyForDeploymentPostprocessing = 0;
		};
/* End PBXSourcesBuildPhase section */

/* Begin PBXVariantGroup section */
		323361502338F7AC00FBD998 /* Main.storyboard */ = {
			isa = PBXVariantGroup;
			children = (
				323361512338F7AC00FBD998 /* Base */,
			);
			name = Main.storyboard;
			sourceTree = "<group>";
		};
		323361552338F7AD00FBD998 /* LaunchScreen.storyboard */ = {
			isa = PBXVariantGroup;
			children = (
				323361562338F7AD00FBD998 /* Base */,
			);
			name = LaunchScreen.storyboard;
			sourceTree = "<group>";
		};
/* End PBXVariantGroup section */

/* Begin XCBuildConfiguration section */
		323361592338F7AD00FBD998 /* Debug */ = {
			isa = XCBuildConfiguration;
			buildSettings = {
				ALWAYS_SEARCH_USER_PATHS = NO;
				CLANG_ANALYZER_NONNULL = YES;
				CLANG_ANALYZER_NUMBER_OBJECT_CONVERSION = YES_AGGRESSIVE;
				CLANG_CXX_LANGUAGE_STANDARD = "gnu++14";
				CLANG_CXX_LIBRARY = "libc++";
				CLANG_ENABLE_MODULES = YES;
				CLANG_ENABLE_OBJC_ARC = YES;
				CLANG_ENABLE_OBJC_WEAK = YES;
				CLANG_WARN_BLOCK_CAPTURE_AUTORELEASING = YES;
				CLANG_WARN_BOOL_CONVERSION = YES;
				CLANG_WARN_COMMA = YES;
				CLANG_WARN_CONSTANT_CONVERSION = YES;
				CLANG_WARN_DEPRECATED_OBJC_IMPLEMENTATIONS = YES;
				CLANG_WARN_DIRECT_OBJC_ISA_USAGE = YES_ERROR;
				CLANG_WARN_DOCUMENTATION_COMMENTS = YES;
				CLANG_WARN_EMPTY_BODY = YES;
				CLANG_WARN_ENUM_CONVERSION = YES;
				CLANG_WARN_INFINITE_RECURSION = YES;
				CLANG_WARN_INT_CONVERSION = YES;
				CLANG_WARN_NON_LITERAL_NULL_CONVERSION = YES;
				CLANG_WARN_OBJC_IMPLICIT_RETAIN_SELF = YES;
				CLANG_WARN_OBJC_LITERAL_CONVERSION = YES;
				CLANG_WARN_OBJC_ROOT_CLASS = YES_ERROR;
				CLANG_WARN_RANGE_LOOP_ANALYSIS = YES;
				CLANG_WARN_STRICT_PROTOTYPES = YES;
				CLANG_WARN_SUSPICIOUS_MOVE = YES;
				CLANG_WARN_UNGUARDED_AVAILABILITY = YES_AGGRESSIVE;
				CLANG_WARN_UNREACHABLE_CODE = YES;
				CLANG_WARN__DUPLICATE_METHOD_MATCH = YES;
				CODE_SIGN_IDENTITY = "iPhone Developer";
				COPY_PHASE_STRIP = NO;
				DEBUG_INFORMATION_FORMAT = dwarf;
				ENABLE_STRICT_OBJC_MSGSEND = YES;
				ENABLE_TESTABILITY = YES;
				GCC_C_LANGUAGE_STANDARD = gnu11;
				GCC_DYNAMIC_NO_PIC = NO;
				GCC_NO_COMMON_BLOCKS = YES;
				GCC_OPTIMIZATION_LEVEL = 0;
				GCC_PREPROCESSOR_DEFINITIONS = (
					"DEBUG=1",
					"$(inherited)",
				);
				GCC_WARN_64_TO_32_BIT_CONVERSION = YES;
				GCC_WARN_ABOUT_RETURN_TYPE = YES_ERROR;
				GCC_WARN_UNDECLARED_SELECTOR = YES;
				GCC_WARN_UNINITIALIZED_AUTOS = YES_AGGRESSIVE;
				GCC_WARN_UNUSED_FUNCTION = YES;
				GCC_WARN_UNUSED_VARIABLE = YES;
				IPHONEOS_DEPLOYMENT_TARGET = 12.1;
				MTL_ENABLE_DEBUG_INFO = INCLUDE_SOURCE;
				MTL_FAST_MATH = YES;
				ONLY_ACTIVE_ARCH = YES;
				SDKROOT = iphoneos;
				SWIFT_ACTIVE_COMPILATION_CONDITIONS = DEBUG;
				SWIFT_OPTIMIZATION_LEVEL = "-Onone";
			};
			name = Debug;
		};
		3233615A2338F7AD00FBD998 /* Release */ = {
			isa = XCBuildConfiguration;
			buildSettings = {
				ALWAYS_SEARCH_USER_PATHS = NO;
				CLANG_ANALYZER_NONNULL = YES;
				CLANG_ANALYZER_NUMBER_OBJECT_CONVERSION = YES_AGGRESSIVE;
				CLANG_CXX_LANGUAGE_STANDARD = "gnu++14";
				CLANG_CXX_LIBRARY = "libc++";
				CLANG_ENABLE_MODULES = YES;
				CLANG_ENABLE_OBJC_ARC = YES;
				CLANG_ENABLE_OBJC_WEAK = YES;
				CLANG_WARN_BLOCK_CAPTURE_AUTORELEASING = YES;
				CLANG_WARN_BOOL_CONVERSION = YES;
				CLANG_WARN_COMMA = YES;
				CLANG_WARN_CONSTANT_CONVERSION = YES;
				CLANG_WARN_DEPRECATED_OBJC_IMPLEMENTATIONS = YES;
				CLANG_WARN_DIRECT_OBJC_ISA_USAGE = YES_ERROR;
				CLANG_WARN_DOCUMENTATION_COMMENTS = YES;
				CLANG_WARN_EMPTY_BODY = YES;
				CLANG_WARN_ENUM_CONVERSION = YES;
				CLANG_WARN_INFINITE_RECURSION = YES;
				CLANG_WARN_INT_CONVERSION = YES;
				CLANG_WARN_NON_LITERAL_NULL_CONVERSION = YES;
				CLANG_WARN_OBJC_IMPLICIT_RETAIN_SELF = YES;
				CLANG_WARN_OBJC_LITERAL_CONVERSION = YES;
				CLANG_WARN_OBJC_ROOT_CLASS = YES_ERROR;
				CLANG_WARN_RANGE_LOOP_ANALYSIS = YES;
				CLANG_WARN_STRICT_PROTOTYPES = YES;
				CLANG_WARN_SUSPICIOUS_MOVE = YES;
				CLANG_WARN_UNGUARDED_AVAILABILITY = YES_AGGRESSIVE;
				CLANG_WARN_UNREACHABLE_CODE = YES;
				CLANG_WARN__DUPLICATE_METHOD_MATCH = YES;
				CODE_SIGN_IDENTITY = "iPhone Developer";
				COPY_PHASE_STRIP = NO;
				DEBUG_INFORMATION_FORMAT = "dwarf-with-dsym";
				ENABLE_NS_ASSERTIONS = NO;
				ENABLE_STRICT_OBJC_MSGSEND = YES;
				GCC_C_LANGUAGE_STANDARD = gnu11;
				GCC_NO_COMMON_BLOCKS = YES;
				GCC_WARN_64_TO_32_BIT_CONVERSION = YES;
				GCC_WARN_ABOUT_RETURN_TYPE = YES_ERROR;
				GCC_WARN_UNDECLARED_SELECTOR = YES;
				GCC_WARN_UNINITIALIZED_AUTOS = YES_AGGRESSIVE;
				GCC_WARN_UNUSED_FUNCTION = YES;
				GCC_WARN_UNUSED_VARIABLE = YES;
				IPHONEOS_DEPLOYMENT_TARGET = 12.1;
				MTL_ENABLE_DEBUG_INFO = NO;
				MTL_FAST_MATH = YES;
				SDKROOT = iphoneos;
				SWIFT_COMPILATION_MODE = wholemodule;
				SWIFT_OPTIMIZATION_LEVEL = "-O";
				VALIDATE_PRODUCT = YES;
			};
			name = Release;
		};
		3233615C2338F7AD00FBD998 /* Debug */ = {
			isa = XCBuildConfiguration;
			baseConfigurationReference = 4B65A7A8B4B6DBC0231FD147 /* Pods-iPartnerTest.debug.xcconfig */;
			buildSettings = {
				ASSETCATALOG_COMPILER_APPICON_NAME = AppIcon;
				CODE_SIGN_STYLE = Automatic;
				DEVELOPMENT_TEAM = 396KV6U5SX;
				INFOPLIST_FILE = iPartnerTest/Info.plist;
				IPHONEOS_DEPLOYMENT_TARGET = 9.0;
				LD_RUNPATH_SEARCH_PATHS = (
					"$(inherited)",
					"@executable_path/Frameworks",
				);
				PRODUCT_BUNDLE_IDENTIFIER = ru.learanddevelop.iPartnerTest;
				PRODUCT_NAME = "$(TARGET_NAME)";
				SWIFT_VERSION = 4.2;
				TARGETED_DEVICE_FAMILY = "1,2";
			};
			name = Debug;
		};
		3233615D2338F7AD00FBD998 /* Release */ = {
			isa = XCBuildConfiguration;
			baseConfigurationReference = 5C6C4FB6123D1AE59324021D /* Pods-iPartnerTest.release.xcconfig */;
			buildSettings = {
				ASSETCATALOG_COMPILER_APPICON_NAME = AppIcon;
				CODE_SIGN_STYLE = Automatic;
				DEVELOPMENT_TEAM = 396KV6U5SX;
				INFOPLIST_FILE = iPartnerTest/Info.plist;
				IPHONEOS_DEPLOYMENT_TARGET = 9.0;
				LD_RUNPATH_SEARCH_PATHS = (
					"$(inherited)",
					"@executable_path/Frameworks",
				);
				PRODUCT_BUNDLE_IDENTIFIER = ru.learanddevelop.iPartnerTest;
				PRODUCT_NAME = "$(TARGET_NAME)";
				SWIFT_VERSION = 4.2;
				TARGETED_DEVICE_FAMILY = "1,2";
			};
			name = Release;
		};
/* End XCBuildConfiguration section */

/* Begin XCConfigurationList section */
		323361442338F7AC00FBD998 /* Build configuration list for PBXProject "iPartnerTest" */ = {
			isa = XCConfigurationList;
			buildConfigurations = (
				323361592338F7AD00FBD998 /* Debug */,
				3233615A2338F7AD00FBD998 /* Release */,
			);
			defaultConfigurationIsVisible = 0;
			defaultConfigurationName = Release;
		};
		3233615B2338F7AD00FBD998 /* Build configuration list for PBXNativeTarget "iPartnerTest" */ = {
			isa = XCConfigurationList;
			buildConfigurations = (
				3233615C2338F7AD00FBD998 /* Debug */,
				3233615D2338F7AD00FBD998 /* Release */,
			);
			defaultConfigurationIsVisible = 0;
			defaultConfigurationName = Release;
		};
/* End XCConfigurationList section */
	};
	rootObject = 323361412338F7AC00FBD998 /* Project object */;
}
