PODS:
  - Alamofire (4.8.2)
  - SwiftyJSON (4.2.0)

DEPENDENCIES:
  - Alamofire
  - SwiftyJSON (~> 4.2.0)

SPEC REPOS:
  https://github.com/cocoapods/specs.git:
    - Alamofire
    - SwiftyJSON

SPEC CHECKSUMS:
  Alamofire: ae5c501addb7afdbb13687d7f2f722c78734c2d3
  SwiftyJSON: c4bcba26dd9ec7a027fc8eade48e2c911f229e96

PODFILE CHECKSUM: 9867341cfaf694a455e0c89c7f07786a2744bf2c

COCOAPODS: 1.7.0
